
Microsoft Visual Studio Solution File, Format Version 12.00
# Visual Studio Version 16
VisualStudioVersion = 16.0.28803.352
MinimumVisualStudioVersion = 10.0.40219.1
Project("{FAE04EC0-301F-11D3-BF4B-00C04F79EFBC}") = "asp.net.mvc", "src\asp.net.mvc\asp.net.mvc.csproj", "{8076F835-690C-42A3-83D4-F13DEA87A0F5}"
EndProject
Project("{FAE04EC0-301F-11D3-BF4B-00C04F79EFBC}") = "asp.net", "src\asp.net\asp.net.csproj", "{5F26CED3-7023-4FA1-8A11-D85EF9D3B98C}"
EndProject
Project("{FAE04EC0-301F-11D3-BF4B-00C04F79EFBC}") = "asp.net.webapi", "src\asp.net.webapi\asp.net.webapi.csproj", "{C144D645-BB91-4CB7-B015-14D6DCF3E004}"
EndProject
Global
	GlobalSection(SolutionConfigurationPlatforms) = preSolution
		Debug|Any CPU = Debug|Any CPU
		Release|Any CPU = Release|Any CPU
	EndGlobalSection
	GlobalSection(ProjectConfigurationPlatforms) = postSolution
		{8076F835-690C-42A3-83D4-F13DEA87A0F5}.Debug|Any CPU.ActiveCfg = Debug|Any CPU
		{8076F835-690C-42A3-83D4-F13DEA87A0F5}.Debug|Any CPU.Build.0 = Debug|Any CPU
		{8076F835-690C-42A3-83D4-F13DEA87A0F5}.Release|Any CPU.ActiveCfg = Release|Any CPU
		{8076F835-690C-42A3-83D4-F13DEA87A0F5}.Release|Any CPU.Build.0 = Release|Any CPU
		{5F26CED3-7023-4FA1-8A11-D85EF9D3B98C}.Debug|Any CPU.ActiveCfg = Debug|Any CPU
		{5F26CED3-7023-4FA1-8A11-D85EF9D3B98C}.Debug|Any CPU.Build.0 = Debug|Any CPU
		{5F26CED3-7023-4FA1-8A11-D85EF9D3B98C}.Release|Any CPU.ActiveCfg = Release|Any CPU
		{5F26CED3-7023-4FA1-8A11-D85EF9D3B98C}.Release|Any CPU.Build.0 = Release|Any CPU
		{C144D645-BB91-4CB7-B015-14D6DCF3E004}.Debug|Any CPU.ActiveCfg = Debug|Any CPU
		{C144D645-BB91-4CB7-B015-14D6DCF3E004}.Debug|Any CPU.Build.0 = Debug|Any CPU
		{C144D645-BB91-4CB7-B015-14D6DCF3E004}.Release|Any CPU.ActiveCfg = Release|Any CPU
		{C144D645-BB91-4CB7-B015-14D6DCF3E004}.Release|Any CPU.Build.0 = Release|Any CPU
	EndGlobalSection
	GlobalSection(SolutionProperties) = preSolution
		HideSolutionNode = FALSE
	EndGlobalSection
	GlobalSection(ExtensibilityGlobals) = postSolution
		SolutionGuid = {1F1F81A2-0C4B-49C0-9408-C9042625A1E0}
	EndGlobalSection
EndGlobal
