
Microsoft Visual Studio Solution File, Format Version 12.00
# Visual Studio Version 16
VisualStudioVersion = 16.0.28729.10
MinimumVisualStudioVersion = 10.0.40219.1
Project("{9A19103F-16F7-4668-BE54-9A1E7A4F7556}") = "Run", "src\Run\Run.csproj", "{E8722E88-53E7-4914-99AE-45F79B7BCD32}"
EndProject
Project("{2150E333-8FDC-42A3-9474-1A3956D46DE8}") = "base", "base", "{1AACC8DA-645A-4DF6-9D7D-AFB513194FC6}"
EndProject
Project("{2150E333-8FDC-42A3-9474-1A3956D46DE8}") = "advance", "advance", "{13C695B0-E613-40F9-891E-D7930ED562F0}"
EndProject
Project("{9A19103F-16F7-4668-BE54-9A1E7A4F7556}") = "Type", "src\Type\Type.csproj", "{A8DBC551-F1BA-48CF-8AF0-CB8C46758693}"
EndProject
Project("{9A19103F-16F7-4668-BE54-9A1E7A4F7556}") = "Common", "src\Common\Common.csproj", "{30997359-4647-4B78-8559-92614B189DAB}"
EndProject
Project("{9A19103F-16F7-4668-BE54-9A1E7A4F7556}") = "CLR", "src\CLR\CLR.csproj", "{0826D47D-1A38-4223-84E1-70CE289A726B}"
EndProject
Project("{9A19103F-16F7-4668-BE54-9A1E7A4F7556}") = "Linq", "src\Linq\Linq.csproj", "{106C11DB-2BD5-4440-9D4D-D3EFB6DA2C3A}"
EndProject
Project("{9A19103F-16F7-4668-BE54-9A1E7A4F7556}") = "CSharp", "src\CSharp\CSharp.csproj", "{9F7D7F2C-BEBE-44ED-8DC6-5EA8818089D3}"
EndProject
Project("{9A19103F-16F7-4668-BE54-9A1E7A4F7556}") = "Thread", "src\Thread\Thread.csproj", "{C0A0A188-DA1F-4B76-BC60-F883E92201BF}"
EndProject
Project("{9A19103F-16F7-4668-BE54-9A1E7A4F7556}") = "RuntimeCompiler", "src\RuntimeCompiler\RuntimeCompiler.csproj", "{3C5115BC-AAA3-4FBD-8D66-D978CEB15C92}"
EndProject
Project("{2150E333-8FDC-42A3-9474-1A3956D46DE8}") = "bcl", "bcl", "{FD2939F7-33FF-4A4C-8CAD-79094C9C314C}"
EndProject
Project("{2150E333-8FDC-42A3-9474-1A3956D46DE8}") = "fcl", "fcl", "{CDB4229D-D715-4F48-BF54-43E182CD8395}"
EndProject
Project("{9A19103F-16F7-4668-BE54-9A1E7A4F7556}") = "Collection", "src\Collection\Collection.csproj", "{B211D493-5AB9-4C30-8947-6CD71CB6E937}"
EndProject
Project("{FAE04EC0-301F-11D3-BF4B-00C04F79EFBC}") = "HelloWorld", "src\HelloWorld\HelloWorld.csproj", "{857B0874-DECC-4674-A58C-B37965E9B924}"
EndProject
Project("{2150E333-8FDC-42A3-9474-1A3956D46DE8}") = "clr", "clr", "{82FDA5DD-4C70-4281-ABD2-B7118454AE44}"
EndProject
Project("{9A19103F-16F7-4668-BE54-9A1E7A4F7556}") = "ClrSample.Core", "src\ClrSample.Core\ClrSample.Core.csproj", "{0638BA80-786A-420D-BC82-E0B250F3A293}"
EndProject
Project("{9A19103F-16F7-4668-BE54-9A1E7A4F7556}") = "ClrSample.Lib", "src\ClrSample.Lib\ClrSample.Lib.csproj", "{31D67810-C44B-4ECF-8184-EE113D041491}"
EndProject
Project("{FAE04EC0-301F-11D3-BF4B-00C04F79EFBC}") = "ClrSample.NetFramework", "src\ClrSample.NetFramework\ClrSample.NetFramework.csproj", "{B8E17AF6-4D1B-449B-A7AB-17F6AF980A7C}"
EndProject
Project("{FAE04EC0-301F-11D3-BF4B-00C04F79EFBC}") = "AppDomainSample", "src\AppDomainSample\AppDomainSample.csproj", "{18194DFA-1117-42F0-BFA8-FCDB89E5DB78}"
EndProject
Global
	GlobalSection(SolutionConfigurationPlatforms) = preSolution
		Debug|Any CPU = Debug|Any CPU
		Release|Any CPU = Release|Any CPU
	EndGlobalSection
	GlobalSection(ProjectConfigurationPlatforms) = postSolution
		{E8722E88-53E7-4914-99AE-45F79B7BCD32}.Debug|Any CPU.ActiveCfg = Debug|Any CPU
		{E8722E88-53E7-4914-99AE-45F79B7BCD32}.Debug|Any CPU.Build.0 = Debug|Any CPU
		{E8722E88-53E7-4914-99AE-45F79B7BCD32}.Release|Any CPU.ActiveCfg = Release|Any CPU
		{E8722E88-53E7-4914-99AE-45F79B7BCD32}.Release|Any CPU.Build.0 = Release|Any CPU
		{A8DBC551-F1BA-48CF-8AF0-CB8C46758693}.Debug|Any CPU.ActiveCfg = Debug|Any CPU
		{A8DBC551-F1BA-48CF-8AF0-CB8C46758693}.Debug|Any CPU.Build.0 = Debug|Any CPU
		{A8DBC551-F1BA-48CF-8AF0-CB8C46758693}.Release|Any CPU.ActiveCfg = Release|Any CPU
		{A8DBC551-F1BA-48CF-8AF0-CB8C46758693}.Release|Any CPU.Build.0 = Release|Any CPU
		{30997359-4647-4B78-8559-92614B189DAB}.Debug|Any CPU.ActiveCfg = Debug|Any CPU
		{30997359-4647-4B78-8559-92614B189DAB}.Debug|Any CPU.Build.0 = Debug|Any CPU
		{30997359-4647-4B78-8559-92614B189DAB}.Release|Any CPU.ActiveCfg = Release|Any CPU
		{30997359-4647-4B78-8559-92614B189DAB}.Release|Any CPU.Build.0 = Release|Any CPU
		{0826D47D-1A38-4223-84E1-70CE289A726B}.Debug|Any CPU.ActiveCfg = Debug|Any CPU
		{0826D47D-1A38-4223-84E1-70CE289A726B}.Debug|Any CPU.Build.0 = Debug|Any CPU
		{0826D47D-1A38-4223-84E1-70CE289A726B}.Release|Any CPU.ActiveCfg = Release|Any CPU
		{0826D47D-1A38-4223-84E1-70CE289A726B}.Release|Any CPU.Build.0 = Release|Any CPU
		{106C11DB-2BD5-4440-9D4D-D3EFB6DA2C3A}.Debug|Any CPU.ActiveCfg = Debug|Any CPU
		{106C11DB-2BD5-4440-9D4D-D3EFB6DA2C3A}.Debug|Any CPU.Build.0 = Debug|Any CPU
		{106C11DB-2BD5-4440-9D4D-D3EFB6DA2C3A}.Release|Any CPU.ActiveCfg = Release|Any CPU
		{106C11DB-2BD5-4440-9D4D-D3EFB6DA2C3A}.Release|Any CPU.Build.0 = Release|Any CPU
		{9F7D7F2C-BEBE-44ED-8DC6-5EA8818089D3}.Debug|Any CPU.ActiveCfg = Debug|Any CPU
		{9F7D7F2C-BEBE-44ED-8DC6-5EA8818089D3}.Debug|Any CPU.Build.0 = Debug|Any CPU
		{9F7D7F2C-BEBE-44ED-8DC6-5EA8818089D3}.Release|Any CPU.ActiveCfg = Release|Any CPU
		{9F7D7F2C-BEBE-44ED-8DC6-5EA8818089D3}.Release|Any CPU.Build.0 = Release|Any CPU
		{C0A0A188-DA1F-4B76-BC60-F883E92201BF}.Debug|Any CPU.ActiveCfg = Debug|Any CPU
		{C0A0A188-DA1F-4B76-BC60-F883E92201BF}.Debug|Any CPU.Build.0 = Debug|Any CPU
		{C0A0A188-DA1F-4B76-BC60-F883E92201BF}.Release|Any CPU.ActiveCfg = Release|Any CPU
		{C0A0A188-DA1F-4B76-BC60-F883E92201BF}.Release|Any CPU.Build.0 = Release|Any CPU
		{3C5115BC-AAA3-4FBD-8D66-D978CEB15C92}.Debug|Any CPU.ActiveCfg = Debug|Any CPU
		{3C5115BC-AAA3-4FBD-8D66-D978CEB15C92}.Debug|Any CPU.Build.0 = Debug|Any CPU
		{3C5115BC-AAA3-4FBD-8D66-D978CEB15C92}.Release|Any CPU.ActiveCfg = Release|Any CPU
		{3C5115BC-AAA3-4FBD-8D66-D978CEB15C92}.Release|Any CPU.Build.0 = Release|Any CPU
		{B211D493-5AB9-4C30-8947-6CD71CB6E937}.Debug|Any CPU.ActiveCfg = Debug|Any CPU
		{B211D493-5AB9-4C30-8947-6CD71CB6E937}.Debug|Any CPU.Build.0 = Debug|Any CPU
		{B211D493-5AB9-4C30-8947-6CD71CB6E937}.Release|Any CPU.ActiveCfg = Release|Any CPU
		{B211D493-5AB9-4C30-8947-6CD71CB6E937}.Release|Any CPU.Build.0 = Release|Any CPU
		{857B0874-DECC-4674-A58C-B37965E9B924}.Debug|Any CPU.ActiveCfg = Debug|Any CPU
		{857B0874-DECC-4674-A58C-B37965E9B924}.Debug|Any CPU.Build.0 = Debug|Any CPU
		{857B0874-DECC-4674-A58C-B37965E9B924}.Release|Any CPU.ActiveCfg = Release|Any CPU
		{857B0874-DECC-4674-A58C-B37965E9B924}.Release|Any CPU.Build.0 = Release|Any CPU
		{0638BA80-786A-420D-BC82-E0B250F3A293}.Debug|Any CPU.ActiveCfg = Debug|Any CPU
		{0638BA80-786A-420D-BC82-E0B250F3A293}.Debug|Any CPU.Build.0 = Debug|Any CPU
		{0638BA80-786A-420D-BC82-E0B250F3A293}.Release|Any CPU.ActiveCfg = Release|Any CPU
		{0638BA80-786A-420D-BC82-E0B250F3A293}.Release|Any CPU.Build.0 = Release|Any CPU
		{31D67810-C44B-4ECF-8184-EE113D041491}.Debug|Any CPU.ActiveCfg = Debug|Any CPU
		{31D67810-C44B-4ECF-8184-EE113D041491}.Debug|Any CPU.Build.0 = Debug|Any CPU
		{31D67810-C44B-4ECF-8184-EE113D041491}.Release|Any CPU.ActiveCfg = Release|Any CPU
		{31D67810-C44B-4ECF-8184-EE113D041491}.Release|Any CPU.Build.0 = Release|Any CPU
		{B8E17AF6-4D1B-449B-A7AB-17F6AF980A7C}.Debug|Any CPU.ActiveCfg = Debug|Any CPU
		{B8E17AF6-4D1B-449B-A7AB-17F6AF980A7C}.Debug|Any CPU.Build.0 = Debug|Any CPU
		{B8E17AF6-4D1B-449B-A7AB-17F6AF980A7C}.Release|Any CPU.ActiveCfg = Release|Any CPU
		{B8E17AF6-4D1B-449B-A7AB-17F6AF980A7C}.Release|Any CPU.Build.0 = Release|Any CPU
		{18194DFA-1117-42F0-BFA8-FCDB89E5DB78}.Debug|Any CPU.ActiveCfg = Debug|Any CPU
		{18194DFA-1117-42F0-BFA8-FCDB89E5DB78}.Debug|Any CPU.Build.0 = Debug|Any CPU
		{18194DFA-1117-42F0-BFA8-FCDB89E5DB78}.Release|Any CPU.ActiveCfg = Release|Any CPU
		{18194DFA-1117-42F0-BFA8-FCDB89E5DB78}.Release|Any CPU.Build.0 = Release|Any CPU
	EndGlobalSection
	GlobalSection(SolutionProperties) = preSolution
		HideSolutionNode = FALSE
	EndGlobalSection
	GlobalSection(NestedProjects) = preSolution
		{A8DBC551-F1BA-48CF-8AF0-CB8C46758693} = {1AACC8DA-645A-4DF6-9D7D-AFB513194FC6}
		{0826D47D-1A38-4223-84E1-70CE289A726B} = {13C695B0-E613-40F9-891E-D7930ED562F0}
		{106C11DB-2BD5-4440-9D4D-D3EFB6DA2C3A} = {FD2939F7-33FF-4A4C-8CAD-79094C9C314C}
		{9F7D7F2C-BEBE-44ED-8DC6-5EA8818089D3} = {1AACC8DA-645A-4DF6-9D7D-AFB513194FC6}
		{C0A0A188-DA1F-4B76-BC60-F883E92201BF} = {13C695B0-E613-40F9-891E-D7930ED562F0}
		{3C5115BC-AAA3-4FBD-8D66-D978CEB15C92} = {FD2939F7-33FF-4A4C-8CAD-79094C9C314C}
		{B211D493-5AB9-4C30-8947-6CD71CB6E937} = {FD2939F7-33FF-4A4C-8CAD-79094C9C314C}
		{0638BA80-786A-420D-BC82-E0B250F3A293} = {82FDA5DD-4C70-4281-ABD2-B7118454AE44}
		{31D67810-C44B-4ECF-8184-EE113D041491} = {82FDA5DD-4C70-4281-ABD2-B7118454AE44}
		{B8E17AF6-4D1B-449B-A7AB-17F6AF980A7C} = {82FDA5DD-4C70-4281-ABD2-B7118454AE44}
		{18194DFA-1117-42F0-BFA8-FCDB89E5DB78} = {82FDA5DD-4C70-4281-ABD2-B7118454AE44}
	EndGlobalSection
	GlobalSection(ExtensibilityGlobals) = postSolution
		SolutionGuid = {6F1CA257-F6D7-4C29-9961-0789CEAD37C0}
	EndGlobalSection
EndGlobal
